lockfileVersion: '9.0'

settings:
  autoInstallPeers: true
  excludeLinksFromLockfile: false

importers:

  .:
    dependencies:
      '@radix-ui/react-dialog':
        specifier: ^1.1.14
        version: 1.1.17(@types/react-dom@19.2.3(@types/react@19.2.17))(@types/react@19.2.17)(react-dom@19.1.0(react@19.1.0))(react@19.1.0)
      '@radix-ui/react-dropdown-menu':
        specifier: ^2.1.15
        version: 2.1.18(@types/react-dom@19.2.3(@types/react@19.2.17))(@types/react@19.2.17)(react-dom@19.1.0(react@19.1.0))(react@19.1.0)
      lucide-react:
        specifier: ^0.468.0
        version: 0.468.0(react@19.1.0)
      next:
        specifier: ^15.5.19
        version: 15.5.19(react-dom@19.1.0(react@19.1.0))(react@19.1.0)
      react:
        specifier: 19.1.0
        version: 19.1.0
      react-dom:
        specifier: 19.1.0
        version: 19.1.0(react@19.1.0)
    devDependencies:
      '@types/node':
        specifier: ^22.10.2
        version: 22.20.0
      '@types/react':
        specifier: ^19.0.3
        version: 19.2.17
      '@types/react-dom':
        specifier: ^19.0.2
        version: 19.2.3(@types/react@19.2.17)
      typescript:
        specifier: ^5.7.2
        version: 5.9.3

packages:

  '@emnapi/runtime@1.11.1':
    resolution: {integrity: sha512-vgj7R3y3Wgx24IQaGPA/R6YFXLHVMOZ0uVEyIQPaWs+rd1AzfEMXlAC22FYwO1XkKR6NPsq7mUandH8oIRdZFw==}

  '@floating-ui/core@1.7.5':
    resolution: {integrity: sha512-1Ih4WTWyw0+lKyFMcBHGbb5U5FtuHJuujoyyr5zTaWS5EYMeT6Jb2AuDeftsCsEuchO+mM2ij5+q9crhydzLhQ==}

  '@floating-ui/dom@1.7.6':
    resolution: {integrity: sha512-9gZSAI5XM36880PPMm//9dfiEngYoC6Am2izES1FF406YFsjvyBMmeJ2g4SAju3xWwtuynNRFL2s9hgxpLI5SQ==}

  '@floating-ui/react-dom@2.1.8':
    resolution: {integrity: sha512-cC52bHwM/n/CxS87FH0yWdngEZrjdtLW/qVruo68qg+prK7ZQ4YGdut2GyDVpoGeAYe/h899rVeOVm6Oi40k2A==}
    peerDependencies:
      react: '>=16.8.0'
      react-dom: '>=16.8.0'

  '@floating-ui/utils@0.2.11':
    resolution: {integrity: sha512-RiB/yIh78pcIxl6lLMG0CgBXAZ2Y0eVHqMPYugu+9U0AeT6YBeiJpf7lbdJNIugFP5SIjwNRgo4DhR1Qxi26Gg==}

  '@img/colour@1.1.0':
    resolution: {integrity: sha512-Td76q7j57o/tLVdgS746cYARfSyxk8iEfRxewL9h4OMzYhbW4TAcppl0mT4eyqXddh6L/jwoM75mo7ixa/pCeQ==}
    engines: {node: '>=18'}

  '@img/sharp-darwin-arm64@0.34.5':
    resolution: {integrity: sha512-imtQ3WMJXbMY4fxb/Ndp6HBTNVtWCUI0WdobyheGf5+ad6xX8VIDO8u2xE4qc/fr08CKG/7dDseFtn6M6g/r3w==}
    engines: {node: ^18.17.0 || ^20.3.0 || >=21.0.0}
    cpu: [arm64]
    os: [darwin]

  '@img/sharp-darwin-x64@0.34.5':
    resolution: {integrity: sha512-YNEFAF/4KQ/PeW0N+r+aVVsoIY0/qxxikF2SWdp+NRkmMB7y9LBZAVqQ4yhGCm/H3H270OSykqmQMKLBhBJDEw==}
    engines: {node: ^18.17.0 || ^20.3.0 || >=21.0.0}
    cpu: [x64]
    os: [darwin]

  '@img/sharp-libvips-darwin-arm64@1.2.4':
    resolution: {integrity: sha512-zqjjo7RatFfFoP0MkQ51jfuFZBnVE2pRiaydKJ1G/rHZvnsrHAOcQALIi9sA5co5xenQdTugCvtb1cuf78Vf4g==}
    cpu: [arm64]
    os: [darwin]

  '@img/sharp-libvips-darwin-x64@1.2.4':
    resolution: {integrity: sha512-1IOd5xfVhlGwX+zXv2N93k0yMONvUlANylbJw1eTah8K/Jtpi15KC+WSiaX/nBmbm2HxRM1gZ0nSdjSsrZbGKg==}
    cpu: [x64]
    os: [darwin]

  '@img/sharp-libvips-linux-arm64@1.2.4':
    resolution: {integrity: sha512-excjX8DfsIcJ10x1Kzr4RcWe1edC9PquDRRPx3YVCvQv+U5p7Yin2s32ftzikXojb1PIFc/9Mt28/y+iRklkrw==}
    cpu: [arm64]
    os: [linux]
    libc: [glibc]

  '@img/sharp-libvips-linux-arm@1.2.4':
    resolution: {integrity: sha512-bFI7xcKFELdiNCVov8e44Ia4u2byA+l3XtsAj+Q8tfCwO6BQ8iDojYdvoPMqsKDkuoOo+X6HZA0s0q11ANMQ8A==}
    cpu: [arm]
    os: [linux]
    libc: [glibc]

  '@img/sharp-libvips-linux-ppc64@1.2.4':
    resolution: {integrity: sha512-FMuvGijLDYG6lW+b/UvyilUWu5Ayu+3r2d1S8notiGCIyYU/76eig1UfMmkZ7vwgOrzKzlQbFSuQfgm7GYUPpA==}
    cpu: [ppc64]
    os: [linux]
    libc: [glibc]

  '@img/sharp-libvips-linux-riscv64@1.2.4':
    resolution: {integrity: sha512-oVDbcR4zUC0ce82teubSm+x6ETixtKZBh/qbREIOcI3cULzDyb18Sr/Wcyx7NRQeQzOiHTNbZFF1UwPS2scyGA==}
    cpu: [riscv64]
    os: [linux]
    libc: [glibc]

  '@img/sharp-libvips-linux-s390x@1.2.4':
    resolution: {integrity: sha512-qmp9VrzgPgMoGZyPvrQHqk02uyjA0/QrTO26Tqk6l4ZV0MPWIW6LTkqOIov+J1yEu7MbFQaDpwdwJKhbJvuRxQ==}
    cpu: [s390x]
    os: [linux]
    libc: [glibc]

  '@img/sharp-libvips-linux-x64@1.2.4':
    resolution: {integrity: sha512-tJxiiLsmHc9Ax1bz3oaOYBURTXGIRDODBqhveVHonrHJ9/+k89qbLl0bcJns+e4t4rvaNBxaEZsFtSfAdquPrw==}
    cpu: [x64]
    os: [linux]
    libc: [glibc]

  '@img/sharp-libvips-linuxmusl-arm64@1.2.4':
    resolution: {integrity: sha512-FVQHuwx1IIuNow9QAbYUzJ+En8KcVm9Lk5+uGUQJHaZmMECZmOlix9HnH7n1TRkXMS0pGxIJokIVB9SuqZGGXw==}
    cpu: [arm64]
    os: [linux]
    libc: [musl]

  '@img/sharp-libvips-linuxmusl-x64@1.2.4':
    resolution: {integrity: sha512-+LpyBk7L44ZIXwz/VYfglaX/okxezESc6UxDSoyo2Ks6Jxc4Y7sGjpgU9s4PMgqgjj1gZCylTieNamqA1MF7Dg==}
    cpu: [x64]
    os: [linux]
    libc: [musl]

  '@img/sharp-linux-arm64@0.34.5':
    resolution: {integrity: sha512-bKQzaJRY/bkPOXyKx5EVup7qkaojECG6NLYswgktOZjaXecSAeCWiZwwiFf3/Y+O1HrauiE3FVsGxFg8c24rZg==}
    engines: {node: ^18.17.0 || ^20.3.0 || >=21.0.0}
    cpu: [arm64]
    os: [linux]
    libc: [glibc]

  '@img/sharp-linux-arm@0.34.5':
    resolution: {integrity: sha512-9dLqsvwtg1uuXBGZKsxem9595+ujv0sJ6Vi8wcTANSFpwV/GONat5eCkzQo/1O6zRIkh0m/8+5BjrRr7jDUSZw==}
    engines: {node: ^18.17.0 || ^20.3.0 || >=21.0.0}
    cpu: [arm]
    os: [linux]
    libc: [glibc]

  '@img/sharp-linux-ppc64@0.34.5':
    resolution: {integrity: sha512-7zznwNaqW6YtsfrGGDA6BRkISKAAE1Jo0QdpNYXNMHu2+0dTrPflTLNkpc8l7MUP5M16ZJcUvysVWWrMefZquA==}
    engines: {node: ^18.17.0 || ^20.3.0 || >=21.0.0}
    cpu: [ppc64]
    os: [linux]
    libc: [glibc]

  '@img/sharp-linux-riscv64@0.34.5':
    resolution: {integrity: sha512-51gJuLPTKa7piYPaVs8GmByo7/U7/7TZOq+cnXJIHZKavIRHAP77e3N2HEl3dgiqdD/w0yUfiJnII77PuDDFdw==}
    engines: {node: ^18.17.0 || ^20.3.0 || >=21.0.0}
    cpu: [riscv64]
    os: [linux]
    libc: [glibc]

  '@img/sharp-linux-s390x@0.34.5':
    resolution: {integrity: sha512-nQtCk0PdKfho3eC5MrbQoigJ2gd1CgddUMkabUj+rBevs8tZ2cULOx46E7oyX+04WGfABgIwmMC0VqieTiR4jg==}
    engines: {node: ^18.17.0 || ^20.3.0 || >=21.0.0}
    cpu: [s390x]
    os: [linux]
    libc: [glibc]

  '@img/sharp-linux-x64@0.34.5':
    resolution: {integrity: sha512-MEzd8HPKxVxVenwAa+JRPwEC7QFjoPWuS5NZnBt6B3pu7EG2Ge0id1oLHZpPJdn3OQK+BQDiw9zStiHBTJQQQQ==}
    engines: {node: ^18.17.0 || ^20.3.0 || >=21.0.0}
    cpu: [x64]
    os: [linux]
    libc: [glibc]

  '@img/sharp-linuxmusl-arm64@0.34.5':
    resolution: {integrity: sha512-fprJR6GtRsMt6Kyfq44IsChVZeGN97gTD331weR1ex1c1rypDEABN6Tm2xa1wE6lYb5DdEnk03NZPqA7Id21yg==}
    engines: {node: ^18.17.0 || ^20.3.0 || >=21.0.0}
    cpu: [arm64]
    os: [linux]
    libc: [musl]

  '@img/sharp-linuxmusl-x64@0.34.5':
    resolution: {integrity: sha512-Jg8wNT1MUzIvhBFxViqrEhWDGzqymo3sV7z7ZsaWbZNDLXRJZoRGrjulp60YYtV4wfY8VIKcWidjojlLcWrd8Q==}
    engines: {node: ^18.17.0 || ^20.3.0 || >=21.0.0}
    cpu: [x64]
    os: [linux]
    libc: [musl]

  '@img/sharp-wasm32@0.34.5':
    resolution: {integrity: sha512-OdWTEiVkY2PHwqkbBI8frFxQQFekHaSSkUIJkwzclWZe64O1X4UlUjqqqLaPbUpMOQk6FBu/HtlGXNblIs0huw==}
    engines: {node: ^18.17.0 || ^20.3.0 || >=21.0.0}
    cpu: [wasm32]

  '@img/sharp-win32-arm64@0.34.5':
    resolution: {integrity: sha512-WQ3AgWCWYSb2yt+IG8mnC6Jdk9Whs7O0gxphblsLvdhSpSTtmu69ZG1Gkb6NuvxsNACwiPV6cNSZNzt0KPsw7g==}
    engines: {node: ^18.17.0 || ^20.3.0 || >=21.0.0}
    cpu: [arm64]
    os: [win32]

  '@img/sharp-win32-ia32@0.34.5':
    resolution: {integrity: sha512-FV9m/7NmeCmSHDD5j4+4pNI8Cp3aW+JvLoXcTUo0IqyjSfAZJ8dIUmijx1qaJsIiU+Hosw6xM5KijAWRJCSgNg==}
    engines: {node: ^18.17.0 || ^20.3.0 || >=21.0.0}
    cpu: [ia32]
    os: [win32]

  '@img/sharp-win32-x64@0.34.5':
    resolution: {integrity: sha512-+29YMsqY2/9eFEiW93eqWnuLcWcufowXewwSNIT6UwZdUUCrM3oFjMWH/Z6/TMmb4hlFenmfAVbpWeup2jryCw==}
    engines: {node: ^18.17.0 || ^20.3.0 || >=21.0.0}
    cpu: [x64]
    os: [win32]

  '@next/env@15.5.19':
    resolution: {integrity: sha512-sWWluFvcv5v3Fxznmf2ZfjyoVQt/64oCnYqS90inQWGzMPK1VjvekPiz3OPHKmFT30EnHrjlbyaHLt3M0vWabw==}

  '@next/swc-darwin-arm64@15.5.19':
    resolution: {integrity: sha512-jx9wWlTKueHKPvVOndyr7WuaevWCkuYqsQ8gC0TMPKAVWG3MhcdMrjfo9tvIZNXd0QOUYXXvAcZ325y8Uq7uzg==}
    engines: {node: '>= 10'}
    cpu: [arm64]
    os: [darwin]

  '@next/swc-darwin-x64@15.5.19':
    resolution: {integrity: sha512-291KFcsIQ3OenRdiUDFOR6W3wezzH4auENXm1gbm1Bjd4ANMMRgxPrWTUztQN43BnVoVuMnHCrLeECIMwgFKbA==}
    engines: {node: '>= 10'}
    cpu: [x64]
    os: [darwin]

  '@next/swc-linux-arm64-gnu@15.5.19':
    resolution: {integrity: sha512-WeH+nelQyyMeE2f8FxBRZNrGipya5zHZV2vjzfCOAYyiI6am+NbnWAAldOBFQBB2w0DjJcsvrKqoFT2b7+5YoA==}
    engines: {node: '>= 10'}
    cpu: [arm64]
    os: [linux]
    libc: [glibc]

  '@next/swc-linux-arm64-musl@15.5.19':
    resolution: {integrity: sha512-5xTOE0lDlDCSSfp+BAif7j17VRRCjWp//ZPZy6NI0QpdrhxtQnsZguSx0xAAZ0c9XZLrLLwCe/XVe5YPrRilKw==}
    engines: {node: '>= 10'}
    cpu: [arm64]
    os: [linux]
    libc: [musl]

  '@next/swc-linux-x64-gnu@15.5.19':
    resolution: {integrity: sha512-LTxRmMgqqMv05Had879W00Fm53quiJd3Zuz8h1JSNJ3nGSlbZ/7Tjs1tKyScgN3Au3t3MyPsjPlq60fMmSHLsg==}
    engines: {node: '>= 10'}
    cpu: [x64]
    os: [linux]
    libc: [glibc]

  '@next/swc-linux-x64-musl@15.5.19':
    resolution: {integrity: sha512-eoNQSpA5PQfB9wBO4RA47MTDXWz1fizy9Y3Z6e4DetYIF3dvjuu8sj7aIGn/bFCU6lnFzTK34NtCaffP4NsQ7Q==}
    engines: {node: '>= 10'}
    cpu: [x64]
    os: [linux]
    libc: [musl]

  '@next/swc-win32-arm64-msvc@15.5.19':
    resolution: {integrity: sha512-6UNt2dFuCHOe446sm/Kp69nUe8/wIhnh9bm6Xcqw4qEWCOppLMOvhTBVgvM7invVUNr4SPpP6NOQsACtn2IN9Q==}
    engines: {node: '>= 10'}
    cpu: [arm64]
    os: [win32]

  '@next/swc-win32-x64-msvc@15.5.19':
    resolution: {integrity: sha512-PhmojAHyqMne56HBLGu9dhDnHPuFmEjrXSQMM/nW0J6j849lk3ESrVtqNJcCk8CKOV7brpTTbaYAjwKPzKM69w==}
    engines: {node: '>= 10'}
    cpu: [x64]
    os: [win32]

  '@radix-ui/primitive@1.1.4':
    resolution: {integrity: sha512-7AdCK9PQyiljKoBDbN8OuctCbd/esdwZPQ8RtOE3SsyQtUpiPb+ND75q0jEhC1m1ecBI0MFNeLJvwIh9iKHRcQ==}

  '@radix-ui/react-arrow@1.1.10':
    resolution: {integrity: sha512-j2VTDz1vgCsmuG0k5lBfOcM8n5JPFqZBcMryasFjHYMhwxYL5SRUV5lMSUpRdNtw3D/Sv8pzJtrlAgkssYSsQQ==}
    peerDependencies:
      '@types/react': '*'
      '@types/react-dom': '*'
      react: ^16.8 || ^17.0 || ^18.0 || ^19.0 || ^19.0.0-rc
      react-dom: ^16.8 || ^17.0 || ^18.0 || ^19.0 || ^19.0.0-rc
    peerDependenciesMeta:
      '@types/react':
        optional: true
      '@types/react-dom':
        optional: true

  '@radix-ui/react-collection@1.1.10':
    resolution: {integrity: sha512-IVVz4EvBcKjrzKgof714qDnz/SzQAkLA2Emh5edlHbgcE6fNd3Un6CJLlaYcnm8N4JmAtzQgse4dOKxcD2yc9g==}
    peerDependencies:
      '@types/react': '*'
      '@types/react-dom': '*'
      react: ^16.8 || ^17.0 || ^18.0 || ^19.0 || ^19.0.0-rc
      react-dom: ^16.8 || ^17.0 || ^18.0 || ^19.0 || ^19.0.0-rc
    peerDependenciesMeta:
      '@types/react':
        optional: true
      '@types/react-dom':
        optional: true

  '@radix-ui/react-compose-refs@1.1.3':
    resolution: {integrity: sha512-rYOP8OMnuuPMQF1uhPVlGNcCDlkokKqGFE3JcxFViIkAXP7EvFWUliJAstrapypaBLJNHbZL6jGhbVDGTwmVhA==}
    peerDependencies:
      '@types/react': '*'
      react: ^16.8 || ^17.0 || ^18.0 || ^19.0 || ^19.0.0-rc
    peerDependenciesMeta:
      '@types/react':
        optional: true

  '@radix-ui/react-context@1.1.4':
    resolution: {integrity: sha512-QwH4PO5urrbO+FaGd5Aglg+YJgWTyyuZ3g/6mKvsqraLkglDdckw9JafgL5McL5VEJ6EPNduPaT3ZE9BttDAqg==}
    peerDependencies:
      '@types/react': '*'
      react: ^16.8 || ^17.0 || ^18.0 || ^19.0 || ^19.0.0-rc
    peerDependenciesMeta:
      '@types/react':
        optional: true

  '@radix-ui/react-dialog@1.1.17':
    resolution: {integrity: sha512-TDTYmpdq8dI2+Xgvgj9AJ8Ghqq+Eph/TRVEdaFQPDItIY+6QSkU7MJMeevw1568Yw/2Ijz8BTphPSP2XejKphw==}
    peerDependencies:
      '@types/react': '*'
      '@types/react-dom': '*'
      react: ^16.8 || ^17.0 || ^18.0 || ^19.0 || ^19.0.0-rc
      react-dom: ^16.8 || ^17.0 || ^18.0 || ^19.0 || ^19.0.0-rc
    peerDependenciesMeta:
      '@types/react':
        optional: true
      '@types/react-dom':
        optional: true

  '@radix-ui/react-direction@1.1.2':
    resolution: {integrity: sha512-C3vFhbyi4SW3PmbAi6Awpu4OzJtd0MxGurvSsYtr7p7nM8RNB3VAF3CUmnp2j50knpkrRcB7+ycVXzgLgF6yNA==}
    peerDependencies:
      '@types/react': '*'
      react: ^16.8 || ^17.0 || ^18.0 || ^19.0 || ^19.0.0-rc
    peerDependenciesMeta:
      '@types/react':
        optional: true

  '@radix-ui/react-dismissable-layer@1.1.13':
    resolution: {integrity: sha512-2v+zNAWWe0ySxgC0D0yeXMPQ23xZVgXZTerTz+JKlmdRj6gfTqmCcR29jb6d290DezXPGgruHWDX/vYUebtErg==}
    peerDependencies:
      '@types/react': '*'
      '@types/react-dom': '*'
      react: ^16.8 || ^17.0 || ^18.0 || ^19.0 || ^19.0.0-rc
      react-dom: ^16.8 || ^17.0 || ^18.0 || ^19.0 || ^19.0.0-rc
    peerDependenciesMeta:
      '@types/react':
        optional: true
      '@types/react-dom':
        optional: true

  '@radix-ui/react-dropdown-menu@2.1.18':
    resolution: {integrity: sha512-PZGV82gFk0WltDRI//SsG28ZIjlo9ANTmoNYg0jLNzXXiDsAy5PkOOYQaVD1pPxY6t7gxffb1QMD6qaUvsBZdw==}
    peerDependencies:
      '@types/react': '*'
      '@types/react-dom': '*'
      react: ^16.8 || ^17.0 || ^18.0 || ^19.0 || ^19.0.0-rc
      react-dom: ^16.8 || ^17.0 || ^18.0 || ^19.0 || ^19.0.0-rc
    peerDependenciesMeta:
      '@types/react':
        optional: true
      '@types/react-dom':
        optional: true

  '@radix-ui/react-focus-guards@1.1.4':
    resolution: {integrity: sha512-cot/aB/mOm0IYVYTTmQcEEK1M48lZWi8FlYe5nDPQQ8NYZUlXEFgncJ9p2Kzer3RKSrY7cTTpEMLZKNo9QoP5Q==}
    peerDependencies:
      '@types/react': '*'
      react: ^16.8 || ^17.0 || ^18.0 || ^19.0 || ^19.0.0-rc
    peerDependenciesMeta:
      '@types/react':
        optional: true

  '@radix-ui/react-focus-scope@1.1.10':
    resolution: {integrity: sha512-Fas/lXQqhVvqwAb64s5RFeHiHYElZ6SUQbZaNd6EkfhP/Al7wTIQ9WIR4QVX475tlu5yFCEdDcJH6/UwsZjMWw==}
    peerDependencies:
      '@types/react': '*'
      '@types/react-dom': '*'
      react: ^16.8 || ^17.0 || ^18.0 || ^19.0 || ^19.0.0-rc
      react-dom: ^16.8 || ^17.0 || ^18.0 || ^19.0 || ^19.0.0-rc
    peerDependenciesMeta:
      '@types/react':
        optional: true
      '@types/react-dom':
        optional: true

  '@radix-ui/react-id@1.1.2':
    resolution: {integrity: sha512-orBC88futVpqCmhX1p4cvquNHsELQ+w+vBJnuj3ftETI5bJb0bZn3Tqu3SWN2IOcPycTnMGnhwoermvISt72sA==}
    peerDependencies:
      '@types/react': '*'
      react: ^16.8 || ^17.0 || ^18.0 || ^19.0 || ^19.0.0-rc
    peerDependenciesMeta:
      '@types/react':
        optional: true

  '@radix-ui/react-menu@2.1.18':
    resolution: {integrity: sha512-lj8Rxjtn6zJq1oSbE/uDtAwCbB9BnxgHD+8MwJMuTh6u1dPamYhW9iuELr/Z8d0D/UysFblYYHeBPwi7T4k0YQ==}
    peerDependencies:
      '@types/react': '*'
      '@types/react-dom': '*'
      react: ^16.8 || ^17.0 || ^18.0 || ^19.0 || ^19.0.0-rc
      react-dom: ^16.8 || ^17.0 || ^18.0 || ^19.0 || ^19.0.0-rc
    peerDependenciesMeta:
      '@types/react':
        optional: true
      '@types/react-dom':
        optional: true

  '@radix-ui/react-popper@1.3.1':
    resolution: {integrity: sha512-bhnq/0DEPTi2lsOD3J5rTL65qUKHbKbhqHsmN9TMiclSXpipi651ooUKPPp6G5lF/WiHBdn1s0Wuqsn+myVAvw==}
    peerDependencies:
      '@types/react': '*'
      '@types/react-dom': '*'
      react: ^16.8 || ^17.0 || ^18.0 || ^19.0 || ^19.0.0-rc
      react-dom: ^16.8 || ^17.0 || ^18.0 || ^19.0 || ^19.0.0-rc
    peerDependenciesMeta:
      '@types/react':
        optional: true
      '@types/react-dom':
        optional: true

  '@radix-ui/react-portal@1.1.12':
    resolution: {integrity: sha512-m309havGzsjLHHaIX50G5PlvRs3xkgPCsGk/5PTvYm8D5q33yG0J7w/712PTOhid7NTaFETtnSXjngHQavvhVw==}
    peerDependencies:
      '@types/react': '*'
      '@types/react-dom': '*'
      react: ^16.8 || ^17.0 || ^18.0 || ^19.0 || ^19.0.0-rc
      react-dom: ^16.8 || ^17.0 || ^18.0 || ^19.0 || ^19.0.0-rc
    peerDependenciesMeta:
      '@types/react':
        optional: true
      '@types/react-dom':
        optional: true

  '@radix-ui/react-presence@1.1.6':
    resolution: {integrity: sha512-zdTk4PlUO0E18HnZ3wYbW0KkJJxWCdiNYp6g6X1PtONFhxVkg01vliTJAmwIszU6mHiyBOoW9P0rAugl5/hULQ==}
    peerDependencies:
      '@types/react': '*'
      '@types/react-dom': '*'
      react: ^16.8 || ^17.0 || ^18.0 || ^19.0 || ^19.0.0-rc
      react-dom: ^16.8 || ^17.0 || ^18.0 || ^19.0 || ^19.0.0-rc
    peerDependenciesMeta:
      '@types/react':
        optional: true
      '@types/react-dom':
        optional: true

  '@radix-ui/react-primitive@2.1.6':
    resolution: {integrity: sha512-wetd0QI77DbvrPpTAvH1SqOxsYF2wZe5TNxqwOd5Ty4XDpV3dpV0s8K/1MGMJBeY5o7lg8ub5VIt1Ub+yVen6g==}
    peerDependencies:
      '@types/react': '*'
      '@types/react-dom': '*'
      react: ^16.8 || ^17.0 || ^18.0 || ^19.0 || ^19.0.0-rc
      react-dom: ^16.8 || ^17.0 || ^18.0 || ^19.0 || ^19.0.0-rc
    peerDependenciesMeta:
      '@types/react':
        optional: true
      '@types/react-dom':
        optional: true

  '@radix-ui/react-roving-focus@1.1.13':
    resolution: {integrity: sha512-9gkwneI0guf8JDmrFxPjJF6Ozzgioyw+/lonYNCwefS9ZHA05er0BVHiXr+LbWGHxUfczvMY6G1oiZZi1VzjRw==}
    peerDependencies:
      '@types/react': '*'
      '@types/react-dom': '*'
      react: ^16.8 || ^17.0 || ^18.0 || ^19.0 || ^19.0.0-rc
      react-dom: ^16.8 || ^17.0 || ^18.0 || ^19.0 || ^19.0.0-rc
    peerDependenciesMeta:
      '@types/react':
        optional: true
      '@types/react-dom':
        optional: true

  '@radix-ui/react-slot@1.3.0':
    resolution: {integrity: sha512-MojKku4U/miO8Av4Dkb+ctMAQx7JmY96LmtDQlAarCRtd7rN52QCSzBF+XAvr5S6coSVj9HEPBgHAHKEJVk/WA==}
    peerDependencies:
      '@types/react': '*'
      react: ^16.8 || ^17.0 || ^18.0 || ^19.0 || ^19.0.0-rc
    peerDependenciesMeta:
      '@types/react':
        optional: true

  '@radix-ui/react-use-callback-ref@1.1.2':
    resolution: {integrity: sha512-xCso9j1/u8sEgP1RNHjFrXJLApL8LiqOkI1R4ywuN00rxWdYg4oQXuwKLS3i0j5NWLromUD27/4nlxj2UFVvIw==}
    peerDependencies:
      '@types/react': '*'
      react: ^16.8 || ^17.0 || ^18.0 || ^19.0 || ^19.0.0-rc
    peerDependenciesMeta:
      '@types/react':
        optional: true

  '@radix-ui/react-use-controllable-state@1.2.3':
    resolution: {integrity: sha512-PLzC90MS+ReootmjC597dvopoelpZ8Q61HJkDXZSExitIq7PL55vHNnesAHwguHK0aPfBnpdNzQtv1uliaqQrA==}
    peerDependencies:
      '@types/react': '*'
      react: ^16.8 || ^17.0 || ^18.0 || ^19.0 || ^19.0.0-rc
    peerDependenciesMeta:
      '@types/react':
        optional: true

  '@radix-ui/react-use-effect-event@0.0.3':
    resolution: {integrity: sha512-6c8ZqvPTWILEKnyVkP53EGRCcpnJiKTC21sS/6R1GF5xKyHJJWQEPfkqlcgUkdRQivd6tb23abUwe4ngWmY0JA==}
    peerDependencies:
      '@types/react': '*'
      react: ^16.8 || ^17.0 || ^18.0 || ^19.0 || ^19.0.0-rc
    peerDependenciesMeta:
      '@types/react':
        optional: true

  '@radix-ui/react-use-escape-keydown@1.1.2':
    resolution: {integrity: sha512-2uVLvLjgO7NZCWw01/FdqRwmA42J0BcjPMUCA+koFEOAb+zjqIP7SiFz/7zWPrKnVmSqr76Omq2ALyCuX4dhLw==}
    peerDependencies:
      '@types/react': '*'
      react: ^16.8 || ^17.0 || ^18.0 || ^19.0 || ^19.0.0-rc
    peerDependenciesMeta:
      '@types/react':
        optional: true

  '@radix-ui/react-use-layout-effect@1.1.2':
    resolution: {integrity: sha512-jrBWOxZITuGcnjRCM2t2U5ZPkCLxD+Ym6DjfssS5haTj2iiak/DOb64JeN6OdLfLgptb6/e2kKR+ZuTrGoZTPA==}
    peerDependencies:
      '@types/react': '*'
      react: ^16.8 || ^17.0 || ^18.0 || ^19.0 || ^19.0.0-rc
    peerDependenciesMeta:
      '@types/react':
        optional: true

  '@radix-ui/react-use-rect@1.1.2':
    resolution: {integrity: sha512-d8a+bBY/FxikNPlgJJoaBHZX+zKVbWHYJGTLnLvveQgFSTntkGdEKv3JDtHrMS0DNYpllz2nRsTLGLKYttbpmw==}
    peerDependencies:
      '@types/react': '*'
      react: ^16.8 || ^17.0 || ^18.0 || ^19.0 || ^19.0.0-rc
    peerDependenciesMeta:
      '@types/react':
        optional: true

  '@radix-ui/react-use-size@1.1.2':
    resolution: {integrity: sha512-giWQp+4mxjBPt4KZ0MmyuykFNWfbDxKt4x+fPkRYmgRFJSbCZFzUglvMb/Kjn38tm10YP4ufiQZDx3zna4LU6w==}
    peerDependencies:
      '@types/react': '*'
      react: ^16.8 || ^17.0 || ^18.0 || ^19.0 || ^19.0.0-rc
    peerDependenciesMeta:
      '@types/react':
        optional: true

  '@radix-ui/rect@1.1.2':
    resolution: {integrity: sha512-xnXE7wG13PI+cxieVssYXlQJuYVRhH9NBoxt3KNwzghDIA69GMm7d4wXRouHIYjE+KvS6U/MsMO73NdS2MH9ZA==}

  '@swc/helpers@0.5.15':
    resolution: {integrity: sha512-JQ5TuMi45Owi4/BIMAJBoSQoOJu12oOk/gADqlcUL9JEdHB8vyjUSsxqeNXnmXHjYKMi2WcYtezGEEhqUI/E2g==}

  '@types/node@22.20.0':
    resolution: {integrity: sha512-QWlFW2wf3nTjC13/DqRnBpR4ZO36VJH/JVBkA/vcnmbTBNQIlnObqyqZE1tUR7+Ni23Lda8R1BxMfbXRpCUx5g==}

  '@types/react-dom@19.2.3':
    resolution: {integrity: sha512-jp2L/eY6fn+KgVVQAOqYItbF0VY/YApe5Mz2F0aykSO8gx31bYCZyvSeYxCHKvzHG5eZjc+zyaS5BrBWya2+kQ==}
    peerDependencies:
      '@types/react': ^19.2.0

  '@types/react@19.2.17':
    resolution: {integrity: sha512-MXfmqaVPEVgkBT/aY0aGCkRWWtByiYQXo3xdQ8r5RzuFrPiRn8Gar2tQdXSUQ2GKV3bkXckek89V8wQBY2Q/Aw==}

  aria-hidden@1.2.6:
    resolution: {integrity: sha512-ik3ZgC9dY/lYVVM++OISsaYDeg1tb0VtP5uL3ouh1koGOaUMDPpbFIei4JkFimWUFPn90sbMNMXQAIVOlnYKJA==}
    engines: {node: '>=10'}

  caniuse-lite@1.0.30001799:
    resolution: {integrity: sha512-hG1bReV+OUU+MOqK4t/ZWI0tZOyz3rqS9XuhOUz1cIcbwBKjOyJEJuw9ER5JuNyqxNk8u/JUVbGibBOL1yrjFw==}

  client-only@0.0.1:
    resolution: {integrity: sha512-IV3Ou0jSMzZrd3pZ48nLkT9DA7Ag1pnPzaiQhpW7c3RbcqqzvzzVu+L8gfqMp/8IM2MQtSiqaCxrrcfu8I8rMA==}

  csstype@3.2.3:
    resolution: {integrity: sha512-z1HGKcYy2xA8AGQfwrn0PAy+PB7X/GSj3UVJW9qKyn43xWa+gl5nXmU4qqLMRzWVLFC8KusUX8T/0kCiOYpAIQ==}

  detect-libc@2.1.2:
    resolution: {integrity: sha512-Btj2BOOO83o3WyH59e8MgXsxEQVcarkUOpEYrubB0urwnN10yQ364rsiByU11nZlqWYZm05i/of7io4mzihBtQ==}
    engines: {node: '>=8'}

  detect-node-es@1.1.0:
    resolution: {integrity: sha512-ypdmJU/TbBby2Dxibuv7ZLW3Bs1QEmM7nHjEANfohJLvE0XVujisn1qPJcZxg+qDucsr+bP6fLD1rPS3AhJ7EQ==}

  get-nonce@1.0.1:
    resolution: {integrity: sha512-FJhYRoDaiatfEkUK8HKlicmu/3SGFD51q3itKDGoSTysQJBnfOcxU5GxnhE1E6soB76MbT0MBtnKJuXyAx+96Q==}
    engines: {node: '>=6'}

  lucide-react@0.468.0:
    resolution: {integrity: sha512-6koYRhnM2N0GGZIdXzSeiNwguv1gt/FAjZOiPl76roBi3xKEXa4WmfpxgQwTTL4KipXjefrnf3oV4IsYhi4JFA==}
    peerDependencies:
      react: ^16.5.1 || ^17.0.0 || ^18.0.0 || ^19.0.0-rc

  nanoid@3.3.14:
    resolution: {integrity: sha512-U9kYi5bpVMEI31yC8iw4bJJp0avcHXA0W8/wNfLfnvJYzihQo2ZRPYPvpAAd570HAcCBjCTN7vnr+v4StKl1IQ==}
    engines: {node: ^10 || ^12 || ^13.7 || ^14 || >=15.0.1}
    hasBin: true

  next@15.5.19:
    resolution: {integrity: sha512-xNOW6tYshGX1/Oi3F8uuk4gpDeWsSUE/1Z0G5uUMekIxaQ0xc03UXd9II0VQHYMWviMeA0OHpJFAKsHf8bTYVg==}
    engines: {node: ^18.18.0 || ^19.8.0 || >= 20.0.0}
    hasBin: true
    peerDependencies:
      '@opentelemetry/api': ^1.1.0
      '@playwright/test': ^1.51.1
      babel-plugin-react-compiler: '*'
      react: ^18.2.0 || 19.0.0-rc-de68d2f4-20241204 || ^19.0.0
      react-dom: ^18.2.0 || 19.0.0-rc-de68d2f4-20241204 || ^19.0.0
      sass: ^1.3.0
    peerDependenciesMeta:
      '@opentelemetry/api':
        optional: true
      '@playwright/test':
        optional: true
      babel-plugin-react-compiler:
        optional: true
      sass:
        optional: true

  picocolors@1.1.1:
    resolution: {integrity: sha512-xceH2snhtb5M9liqDsmEw56le376mTZkEX/jEb/RxNFyegNul7eNslCXP9FDj/Lcu0X8KEyMceP2ntpaHrDEVA==}

  postcss@8.4.31:
    resolution: {integrity: sha512-PS08Iboia9mts/2ygV3eLpY5ghnUcfLV/EXTOW1E2qYxJKGGBUtNjN76FYHnMs36RmARn41bC0AZmn+rR0OVpQ==}
    engines: {node: ^10 || ^12 || >=14}

  react-dom@19.1.0:
    resolution: {integrity: sha512-Xs1hdnE+DyKgeHJeJznQmYMIBG3TKIHJJT95Q58nHLSrElKlGQqDTR2HQ9fx5CN/Gk6Vh/kupBTDLU11/nDk/g==}
    peerDependencies:
      react: ^19.1.0

  react-remove-scroll-bar@2.3.8:
    resolution: {integrity: sha512-9r+yi9+mgU33AKcj6IbT9oRCO78WriSj6t/cF8DWBZJ9aOGPOTEDvdUDz1FwKim7QXWwmHqtdHnRJfhAxEG46Q==}
    engines: {node: '>=10'}
    peerDependencies:
      '@types/react': '*'
      react: ^16.8.0 || ^17.0.0 || ^18.0.0 || ^19.0.0
    peerDependenciesMeta:
      '@types/react':
        optional: true

  react-remove-scroll@2.7.2:
    resolution: {integrity: sha512-Iqb9NjCCTt6Hf+vOdNIZGdTiH1QSqr27H/Ek9sv/a97gfueI/5h1s3yRi1nngzMUaOOToin5dI1dXKdXiF+u0Q==}
    engines: {node: '>=10'}
    peerDependencies:
      '@types/react': '*'
      react: ^16.8.0 || ^17.0.0 || ^18.0.0 || ^19.0.0 || ^19.0.0-rc
    peerDependenciesMeta:
      '@types/react':
        optional: true

  react-style-singleton@2.2.3:
    resolution: {integrity: sha512-b6jSvxvVnyptAiLjbkWLE/lOnR4lfTtDAl+eUC7RZy+QQWc6wRzIV2CE6xBuMmDxc2qIihtDCZD5NPOFl7fRBQ==}
    engines: {node: '>=10'}
    peerDependencies:
      '@types/react': '*'
      react: ^16.8.0 || ^17.0.0 || ^18.0.0 || ^19.0.0 || ^19.0.0-rc
    peerDependenciesMeta:
      '@types/react':
        optional: true

  react@19.1.0:
    resolution: {integrity: sha512-FS+XFBNvn3GTAWq26joslQgWNoFu08F4kl0J4CgdNKADkdSGXQyTCnKteIAJy96Br6YbpEU1LSzV5dYtjMkMDg==}
    engines: {node: '>=0.10.0'}

  scheduler@0.26.0:
    resolution: {integrity: sha512-NlHwttCI/l5gCPR3D1nNXtWABUmBwvZpEQiD4IXSbIDq8BzLIK/7Ir5gTFSGZDUu37K5cMNp0hFtzO38sC7gWA==}

  semver@7.8.5:
    resolution: {integrity: sha512-Y7/KDsb8LjooZpwaqGyulO6DQlksgCncchHGk+sZIY4SBvUocMBEFH5Ur1fI4dV+Jvl0w6cjvucaIi40puRioA==}
    engines: {node: '>=10'}
    hasBin: true

  sharp@0.34.5:
    resolution: {integrity: sha512-Ou9I5Ft9WNcCbXrU9cMgPBcCK8LiwLqcbywW3t4oDV37n1pzpuNLsYiAV8eODnjbtQlSDwZ2cUEeQz4E54Hltg==}
    engines: {node: ^18.17.0 || ^20.3.0 || >=21.0.0}

  source-map-js@1.2.1:
    resolution: {integrity: sha512-UXWMKhLOwVKb728IUtQPXxfYU+usdybtUrK/8uGE8CQMvrhOpwvzDBwj0QhSL7MQc7vIsISBG8VQ8+IDQxpfQA==}
    engines: {node: '>=0.10.0'}

  styled-jsx@5.1.6:
    resolution: {integrity: sha512-qSVyDTeMotdvQYoHWLNGwRFJHC+i+ZvdBRYosOFgC+Wg1vx4frN2/RG/NA7SYqqvKNLf39P2LSRA2pu6n0XYZA==}
    engines: {node: '>= 12.0.0'}
    peerDependencies:
      '@babel/core': '*'
      babel-plugin-macros: '*'
      react: '>= 16.8.0 || 17.x.x || ^18.0.0-0 || ^19.0.0-0'
    peerDependenciesMeta:
      '@babel/core':
        optional: true
      babel-plugin-macros:
        optional: true

  tslib@2.8.1:
    resolution: {integrity: sha512-oJFu94HQb+KVduSUQL7wnpmqnfmLsOA/nAh6b6EH0wCEoK0/mPeXU6c3wKDV83MkOuHPRHtSXKKU99IBazS/2w==}

  typescript@5.9.3:
    resolution: {integrity: sha512-jl1vZzPDinLr9eUt3J/t7V6FgNEw9QjvBPdysz9KfQDD41fQrC2Y4vKQdiaUpFT4bXlb1RHhLpp8wtm6M5TgSw==}
    engines: {node: '>=14.17'}
    hasBin: true

  undici-types@6.21.0:
    resolution: {integrity: sha512-iwDZqg0QAGrg9Rav5H4n0M64c3mkR59cJ6wQp+7C4nI0gsmExaedaYLNO44eT4AtBBwjbTiGPMlt2Md0T9H9JQ==}

  use-callback-ref@1.3.3:
    resolution: {integrity: sha512-jQL3lRnocaFtu3V00JToYz/4QkNWswxijDaCVNZRiRTO3HQDLsdu1ZtmIUvV4yPp+rvWm5j0y0TG/S61cuijTg==}
    engines: {node: '>=10'}
    peerDependencies:
      '@types/react': '*'
      react: ^16.8.0 || ^17.0.0 || ^18.0.0 || ^19.0.0 || ^19.0.0-rc
    peerDependenciesMeta:
      '@types/react':
        optional: true

  use-sidecar@1.1.3:
    resolution: {integrity: sha512-Fedw0aZvkhynoPYlA5WXrMCAMm+nSWdZt6lzJQ7Ok8S6Q+VsHmHpRWndVRJ8Be0ZbkfPc5LRYH+5XrzXcEeLRQ==}
    engines: {node: '>=10'}
    peerDependencies:
      '@types/react': '*'
      react: ^16.8.0 || ^17.0.0 || ^18.0.0 || ^19.0.0 || ^19.0.0-rc
    peerDependenciesMeta:
      '@types/react':
        optional: true

snapshots:

  '@emnapi/runtime@1.11.1':
    dependencies:
      tslib: 2.8.1
    optional: true

  '@floating-ui/core@1.7.5':
    dependencies:
      '@floating-ui/utils': 0.2.11

  '@floating-ui/dom@1.7.6':
    dependencies:
      '@floating-ui/core': 1.7.5
      '@floating-ui/utils': 0.2.11

  '@floating-ui/react-dom@2.1.8(react-dom@19.1.0(react@19.1.0))(react@19.1.0)':
    dependencies:
      '@floating-ui/dom': 1.7.6
      react: 19.1.0
      react-dom: 19.1.0(react@19.1.0)

  '@floating-ui/utils@0.2.11': {}

  '@img/colour@1.1.0':
    optional: true

  '@img/sharp-darwin-arm64@0.34.5':
    optionalDependencies:
      '@img/sharp-libvips-darwin-arm64': 1.2.4
    optional: true

  '@img/sharp-darwin-x64@0.34.5':
    optionalDependencies:
      '@img/sharp-libvips-darwin-x64': 1.2.4
    optional: true

  '@img/sharp-libvips-darwin-arm64@1.2.4':
    optional: true

  '@img/sharp-libvips-darwin-x64@1.2.4':
    optional: true

  '@img/sharp-libvips-linux-arm64@1.2.4':
    optional: true

  '@img/sharp-libvips-linux-arm@1.2.4':
    optional: true

  '@img/sharp-libvips-linux-ppc64@1.2.4':
    optional: true

  '@img/sharp-libvips-linux-riscv64@1.2.4':
    optional: true

  '@img/sharp-libvips-linux-s390x@1.2.4':
    optional: true

  '@img/sharp-libvips-linux-x64@1.2.4':
    optional: true

  '@img/sharp-libvips-linuxmusl-arm64@1.2.4':
    optional: true

  '@img/sharp-libvips-linuxmusl-x64@1.2.4':
    optional: true

  '@img/sharp-linux-arm64@0.34.5':
    optionalDependencies:
      '@img/sharp-libvips-linux-arm64': 1.2.4
    optional: true

  '@img/sharp-linux-arm@0.34.5':
    optionalDependencies:
      '@img/sharp-libvips-linux-arm': 1.2.4
    optional: true

  '@img/sharp-linux-ppc64@0.34.5':
    optionalDependencies:
      '@img/sharp-libvips-linux-ppc64': 1.2.4
    optional: true

  '@img/sharp-linux-riscv64@0.34.5':
    optionalDependencies:
      '@img/sharp-libvips-linux-riscv64': 1.2.4
    optional: true

  '@img/sharp-linux-s390x@0.34.5':
    optionalDependencies:
      '@img/sharp-libvips-linux-s390x': 1.2.4
    optional: true

  '@img/sharp-linux-x64@0.34.5':
    optionalDependencies:
      '@img/sharp-libvips-linux-x64': 1.2.4
    optional: true

  '@img/sharp-linuxmusl-arm64@0.34.5':
    optionalDependencies:
      '@img/sharp-libvips-linuxmusl-arm64': 1.2.4
    optional: true

  '@img/sharp-linuxmusl-x64@0.34.5':
    optionalDependencies:
      '@img/sharp-libvips-linuxmusl-x64': 1.2.4
    optional: true

  '@img/sharp-wasm32@0.34.5':
    dependencies:
      '@emnapi/runtime': 1.11.1
    optional: true

  '@img/sharp-win32-arm64@0.34.5':
    optional: true

  '@img/sharp-win32-ia32@0.34.5':
    optional: true

  '@img/sharp-win32-x64@0.34.5':
    optional: true

  '@next/env@15.5.19': {}

  '@next/swc-darwin-arm64@15.5.19':
    optional: true

  '@next/swc-darwin-x64@15.5.19':
    optional: true

  '@next/swc-linux-arm64-gnu@15.5.19':
    optional: true

  '@next/swc-linux-arm64-musl@15.5.19':
    optional: true

  '@next/swc-linux-x64-gnu@15.5.19':
    optional: true

  '@next/swc-linux-x64-musl@15.5.19':
    optional: true

  '@next/swc-win32-arm64-msvc@15.5.19':
    optional: true

  '@next/swc-win32-x64-msvc@15.5.19':
    optional: true

  '@radix-ui/primitive@1.1.4': {}

  '@radix-ui/react-arrow@1.1.10(@types/react-dom@19.2.3(@types/react@19.2.17))(@types/react@19.2.17)(react-dom@19.1.0(react@19.1.0))(react@19.1.0)':
    dependencies:
      '@radix-ui/react-primitive': 2.1.6(@types/react-dom@19.2.3(@types/react@19.2.17))(@types/react@19.2.17)(react-dom@19.1.0(react@19.1.0))(react@19.1.0)
      react: 19.1.0
      react-dom: 19.1.0(react@19.1.0)
    optionalDependencies:
      '@types/react': 19.2.17
      '@types/react-dom': 19.2.3(@types/react@19.2.17)

  '@radix-ui/react-collection@1.1.10(@types/react-dom@19.2.3(@types/react@19.2.17))(@types/react@19.2.17)(react-dom@19.1.0(react@19.1.0))(react@19.1.0)':
    dependencies:
      '@radix-ui/react-compose-refs': 1.1.3(@types/react@19.2.17)(react@19.1.0)
      '@radix-ui/react-context': 1.1.4(@types/react@19.2.17)(react@19.1.0)
      '@radix-ui/react-primitive': 2.1.6(@types/react-dom@19.2.3(@types/react@19.2.17))(@types/react@19.2.17)(react-dom@19.1.0(react@19.1.0))(react@19.1.0)
      '@radix-ui/react-slot': 1.3.0(@types/react@19.2.17)(react@19.1.0)
      react: 19.1.0
      react-dom: 19.1.0(react@19.1.0)
    optionalDependencies:
      '@types/react': 19.2.17
      '@types/react-dom': 19.2.3(@types/react@19.2.17)

  '@radix-ui/react-compose-refs@1.1.3(@types/react@19.2.17)(react@19.1.0)':
    dependencies:
      react: 19.1.0
    optionalDependencies:
      '@types/react': 19.2.17

  '@radix-ui/react-context@1.1.4(@types/react@19.2.17)(react@19.1.0)':
    dependencies:
      react: 19.1.0
    optionalDependencies:
      '@types/react': 19.2.17

  '@radix-ui/react-dialog@1.1.17(@types/react-dom@19.2.3(@types/react@19.2.17))(@types/react@19.2.17)(react-dom@19.1.0(react@19.1.0))(react@19.1.0)':
    dependencies:
      '@radix-ui/primitive': 1.1.4
      '@radix-ui/react-compose-refs': 1.1.3(@types/react@19.2.17)(react@19.1.0)
      '@radix-ui/react-context': 1.1.4(@types/react@19.2.17)(react@19.1.0)
      '@radix-ui/react-dismissable-layer': 1.1.13(@types/react-dom@19.2.3(@types/react@19.2.17))(@types/react@19.2.17)(react-dom@19.1.0(react@19.1.0))(react@19.1.0)
      '@radix-ui/react-focus-guards': 1.1.4(@types/react@19.2.17)(react@19.1.0)
      '@radix-ui/react-focus-scope': 1.1.10(@types/react-dom@19.2.3(@types/react@19.2.17))(@types/react@19.2.17)(react-dom@19.1.0(react@19.1.0))(react@19.1.0)
      '@radix-ui/react-id': 1.1.2(@types/react@19.2.17)(react@19.1.0)
      '@radix-ui/react-portal': 1.1.12(@types/react-dom@19.2.3(@types/react@19.2.17))(@types/react@19.2.17)(react-dom@19.1.0(react@19.1.0))(react@19.1.0)
      '@radix-ui/react-presence': 1.1.6(@types/react-dom@19.2.3(@types/react@19.2.17))(@types/react@19.2.17)(react-dom@19.1.0(react@19.1.0))(react@19.1.0)
      '@radix-ui/react-primitive': 2.1.6(@types/react-dom@19.2.3(@types/react@19.2.17))(@types/react@19.2.17)(react-dom@19.1.0(react@19.1.0))(react@19.1.0)
      '@radix-ui/react-slot': 1.3.0(@types/react@19.2.17)(react@19.1.0)
      '@radix-ui/react-use-controllable-state': 1.2.3(@types/react@19.2.17)(react@19.1.0)
      aria-hidden: 1.2.6
      react: 19.1.0
      react-dom: 19.1.0(react@19.1.0)
      react-remove-scroll: 2.7.2(@types/react@19.2.17)(react@19.1.0)
    optionalDependencies:
      '@types/react': 19.2.17
      '@types/react-dom': 19.2.3(@types/react@19.2.17)

  '@radix-ui/react-direction@1.1.2(@types/react@19.2.17)(react@19.1.0)':
    dependencies:
      react: 19.1.0
    optionalDependencies:
      '@types/react': 19.2.17

  '@radix-ui/react-dismissable-layer@1.1.13(@types/react-dom@19.2.3(@types/react@19.2.17))(@types/react@19.2.17)(react-dom@19.1.0(react@19.1.0))(react@19.1.0)':
    dependencies:
      '@radix-ui/primitive': 1.1.4
      '@radix-ui/react-compose-refs': 1.1.3(@types/react@19.2.17)(react@19.1.0)
      '@radix-ui/react-primitive': 2.1.6(@types/react-dom@19.2.3(@types/react@19.2.17))(@types/react@19.2.17)(react-dom@19.1.0(react@19.1.0))(react@19.1.0)
      '@radix-ui/react-use-callback-ref': 1.1.2(@types/react@19.2.17)(react@19.1.0)
      '@radix-ui/react-use-escape-keydown': 1.1.2(@types/react@19.2.17)(react@19.1.0)
      react: 19.1.0
      react-dom: 19.1.0(react@19.1.0)
    optionalDependencies:
      '@types/react': 19.2.17
      '@types/react-dom': 19.2.3(@types/react@19.2.17)

  '@radix-ui/react-dropdown-menu@2.1.18(@types/react-dom@19.2.3(@types/react@19.2.17))(@types/react@19.2.17)(react-dom@19.1.0(react@19.1.0))(react@19.1.0)':
    dependencies:
      '@radix-ui/primitive': 1.1.4
      '@radix-ui/react-compose-refs': 1.1.3(@types/react@19.2.17)(react@19.1.0)
      '@radix-ui/react-context': 1.1.4(@types/react@19.2.17)(react@19.1.0)
      '@radix-ui/react-id': 1.1.2(@types/react@19.2.17)(react@19.1.0)
      '@radix-ui/react-menu': 2.1.18(@types/react-dom@19.2.3(@types/react@19.2.17))(@types/react@19.2.17)(react-dom@19.1.0(react@19.1.0))(react@19.1.0)
      '@radix-ui/react-primitive': 2.1.6(@types/react-dom@19.2.3(@types/react@19.2.17))(@types/react@19.2.17)(react-dom@19.1.0(react@19.1.0))(react@19.1.0)
      '@radix-ui/react-use-controllable-state': 1.2.3(@types/react@19.2.17)(react@19.1.0)
      react: 19.1.0
      react-dom: 19.1.0(react@19.1.0)
    optionalDependencies:
      '@types/react': 19.2.17
      '@types/react-dom': 19.2.3(@types/react@19.2.17)

  '@radix-ui/react-focus-guards@1.1.4(@types/react@19.2.17)(react@19.1.0)':
    dependencies:
      react: 19.1.0
    optionalDependencies:
      '@types/react': 19.2.17

  '@radix-ui/react-focus-scope@1.1.10(@types/react-dom@19.2.3(@types/react@19.2.17))(@types/react@19.2.17)(react-dom@19.1.0(react@19.1.0))(react@19.1.0)':
    dependencies:
      '@radix-ui/react-compose-refs': 1.1.3(@types/react@19.2.17)(react@19.1.0)
      '@radix-ui/react-primitive': 2.1.6(@types/react-dom@19.2.3(@types/react@19.2.17))(@types/react@19.2.17)(react-dom@19.1.0(react@19.1.0))(react@19.1.0)
      '@radix-ui/react-use-callback-ref': 1.1.2(@types/react@19.2.17)(react@19.1.0)
      react: 19.1.0
      react-dom: 19.1.0(react@19.1.0)
    optionalDependencies:
      '@types/react': 19.2.17
      '@types/react-dom': 19.2.3(@types/react@19.2.17)

  '@radix-ui/react-id@1.1.2(@types/react@19.2.17)(react@19.1.0)':
    dependencies:
      '@radix-ui/react-use-layout-effect': 1.1.2(@types/react@19.2.17)(react@19.1.0)
      react: 19.1.0
    optionalDependencies:
      '@types/react': 19.2.17

  '@radix-ui/react-menu@2.1.18(@types/react-dom@19.2.3(@types/react@19.2.17))(@types/react@19.2.17)(react-dom@19.1.0(react@19.1.0))(react@19.1.0)':
    dependencies:
      '@radix-ui/primitive': 1.1.4
      '@radix-ui/react-collection': 1.1.10(@types/react-dom@19.2.3(@types/react@19.2.17))(@types/react@19.2.17)(react-dom@19.1.0(react@19.1.0))(react@19.1.0)
      '@radix-ui/react-compose-refs': 1.1.3(@types/react@19.2.17)(react@19.1.0)
      '@radix-ui/react-context': 1.1.4(@types/react@19.2.17)(react@19.1.0)
      '@radix-ui/react-direction': 1.1.2(@types/react@19.2.17)(react@19.1.0)
      '@radix-ui/react-dismissable-layer': 1.1.13(@types/react-dom@19.2.3(@types/react@19.2.17))(@types/react@19.2.17)(react-dom@19.1.0(react@19.1.0))(react@19.1.0)
      '@radix-ui/react-focus-guards': 1.1.4(@types/react@19.2.17)(react@19.1.0)
      '@radix-ui/react-focus-scope': 1.1.10(@types/react-dom@19.2.3(@types/react@19.2.17))(@types/react@19.2.17)(react-dom@19.1.0(react@19.1.0))(react@19.1.0)
      '@radix-ui/react-id': 1.1.2(@types/react@19.2.17)(react@19.1.0)
      '@radix-ui/react-popper': 1.3.1(@types/react-dom@19.2.3(@types/react@19.2.17))(@types/react@19.2.17)(react-dom@19.1.0(react@19.1.0))(react@19.1.0)
      '@radix-ui/react-portal': 1.1.12(@types/react-dom@19.2.3(@types/react@19.2.17))(@types/react@19.2.17)(react-dom@19.1.0(react@19.1.0))(react@19.1.0)
      '@radix-ui/react-presence': 1.1.6(@types/react-dom@19.2.3(@types/react@19.2.17))(@types/react@19.2.17)(react-dom@19.1.0(react@19.1.0))(react@19.1.0)
      '@radix-ui/react-primitive': 2.1.6(@types/react-dom@19.2.3(@types/react@19.2.17))(@types/react@19.2.17)(react-dom@19.1.0(react@19.1.0))(react@19.1.0)
      '@radix-ui/react-roving-focus': 1.1.13(@types/react-dom@19.2.3(@types/react@19.2.17))(@types/react@19.2.17)(react-dom@19.1.0(react@19.1.0))(react@19.1.0)
      '@radix-ui/react-slot': 1.3.0(@types/react@19.2.17)(react@19.1.0)
      '@radix-ui/react-use-callback-ref': 1.1.2(@types/react@19.2.17)(react@19.1.0)
      aria-hidden: 1.2.6
      react: 19.1.0
      react-dom: 19.1.0(react@19.1.0)
      react-remove-scroll: 2.7.2(@types/react@19.2.17)(react@19.1.0)
    optionalDependencies:
      '@types/react': 19.2.17
      '@types/react-dom': 19.2.3(@types/react@19.2.17)

  '@radix-ui/react-popper@1.3.1(@types/react-dom@19.2.3(@types/react@19.2.17))(@types/react@19.2.17)(react-dom@19.1.0(react@19.1.0))(react@19.1.0)':
    dependencies:
      '@floating-ui/react-dom': 2.1.8(react-dom@19.1.0(react@19.1.0))(react@19.1.0)
      '@radix-ui/react-arrow': 1.1.10(@types/react-dom@19.2.3(@types/react@19.2.17))(@types/react@19.2.17)(react-dom@19.1.0(react@19.1.0))(react@19.1.0)
      '@radix-ui/react-compose-refs': 1.1.3(@types/react@19.2.17)(react@19.1.0)
      '@radix-ui/react-context': 1.1.4(@types/react@19.2.17)(react@19.1.0)
      '@radix-ui/react-primitive': 2.1.6(@types/react-dom@19.2.3(@types/react@19.2.17))(@types/react@19.2.17)(react-dom@19.1.0(react@19.1.0))(react@19.1.0)
      '@radix-ui/react-use-callback-ref': 1.1.2(@types/react@19.2.17)(react@19.1.0)
      '@radix-ui/react-use-layout-effect': 1.1.2(@types/react@19.2.17)(react@19.1.0)
      '@radix-ui/react-use-rect': 1.1.2(@types/react@19.2.17)(react@19.1.0)
      '@radix-ui/react-use-size': 1.1.2(@types/react@19.2.17)(react@19.1.0)
      '@radix-ui/rect': 1.1.2
      react: 19.1.0
      react-dom: 19.1.0(react@19.1.0)
    optionalDependencies:
      '@types/react': 19.2.17
      '@types/react-dom': 19.2.3(@types/react@19.2.17)

  '@radix-ui/react-portal@1.1.12(@types/react-dom@19.2.3(@types/react@19.2.17))(@types/react@19.2.17)(react-dom@19.1.0(react@19.1.0))(react@19.1.0)':
    dependencies:
      '@radix-ui/react-primitive': 2.1.6(@types/react-dom@19.2.3(@types/react@19.2.17))(@types/react@19.2.17)(react-dom@19.1.0(react@19.1.0))(react@19.1.0)
      '@radix-ui/react-use-layout-effect': 1.1.2(@types/react@19.2.17)(react@19.1.0)
      react: 19.1.0
      react-dom: 19.1.0(react@19.1.0)
    optionalDependencies:
      '@types/react': 19.2.17
      '@types/react-dom': 19.2.3(@types/react@19.2.17)

  '@radix-ui/react-presence@1.1.6(@types/react-dom@19.2.3(@types/react@19.2.17))(@types/react@19.2.17)(react-dom@19.1.0(react@19.1.0))(react@19.1.0)':
    dependencies:
      '@radix-ui/react-use-layout-effect': 1.1.2(@types/react@19.2.17)(react@19.1.0)
      react: 19.1.0
      react-dom: 19.1.0(react@19.1.0)
    optionalDependencies:
      '@types/react': 19.2.17
      '@types/react-dom': 19.2.3(@types/react@19.2.17)

  '@radix-ui/react-primitive@2.1.6(@types/react-dom@19.2.3(@types/react@19.2.17))(@types/react@19.2.17)(react-dom@19.1.0(react@19.1.0))(react@19.1.0)':
    dependencies:
      '@radix-ui/react-slot': 1.3.0(@types/react@19.2.17)(react@19.1.0)
      react: 19.1.0
      react-dom: 19.1.0(react@19.1.0)
    optionalDependencies:
      '@types/react': 19.2.17
      '@types/react-dom': 19.2.3(@types/react@19.2.17)

  '@radix-ui/react-roving-focus@1.1.13(@types/react-dom@19.2.3(@types/react@19.2.17))(@types/react@19.2.17)(react-dom@19.1.0(react@19.1.0))(react@19.1.0)':
    dependencies:
      '@radix-ui/primitive': 1.1.4
      '@radix-ui/react-collection': 1.1.10(@types/react-dom@19.2.3(@types/react@19.2.17))(@types/react@19.2.17)(react-dom@19.1.0(react@19.1.0))(react@19.1.0)
      '@radix-ui/react-compose-refs': 1.1.3(@types/react@19.2.17)(react@19.1.0)
      '@radix-ui/react-context': 1.1.4(@types/react@19.2.17)(react@19.1.0)
      '@radix-ui/react-direction': 1.1.2(@types/react@19.2.17)(react@19.1.0)
      '@radix-ui/react-id': 1.1.2(@types/react@19.2.17)(react@19.1.0)
      '@radix-ui/react-primitive': 2.1.6(@types/react-dom@19.2.3(@types/react@19.2.17))(@types/react@19.2.17)(react-dom@19.1.0(react@19.1.0))(react@19.1.0)
      '@radix-ui/react-use-callback-ref': 1.1.2(@types/react@19.2.17)(react@19.1.0)
      '@radix-ui/react-use-controllable-state': 1.2.3(@types/react@19.2.17)(react@19.1.0)
      react: 19.1.0
      react-dom: 19.1.0(react@19.1.0)
    optionalDependencies:
      '@types/react': 19.2.17
      '@types/react-dom': 19.2.3(@types/react@19.2.17)

  '@radix-ui/react-slot@1.3.0(@types/react@19.2.17)(react@19.1.0)':
    dependencies:
      '@radix-ui/react-compose-refs': 1.1.3(@types/react@19.2.17)(react@19.1.0)
      react: 19.1.0
    optionalDependencies:
      '@types/react': 19.2.17

  '@radix-ui/react-use-callback-ref@1.1.2(@types/react@19.2.17)(react@19.1.0)':
    dependencies:
      react: 19.1.0
    optionalDependencies:
      '@types/react': 19.2.17

  '@radix-ui/react-use-controllable-state@1.2.3(@types/react@19.2.17)(react@19.1.0)':
    dependencies:
      '@radix-ui/react-use-effect-event': 0.0.3(@types/react@19.2.17)(react@19.1.0)
      '@radix-ui/react-use-layout-effect': 1.1.2(@types/react@19.2.17)(react@19.1.0)
      react: 19.1.0
    optionalDependencies:
      '@types/react': 19.2.17

  '@radix-ui/react-use-effect-event@0.0.3(@types/react@19.2.17)(react@19.1.0)':
    dependencies:
      '@radix-ui/react-use-layout-effect': 1.1.2(@types/react@19.2.17)(react@19.1.0)
      react: 19.1.0
    optionalDependencies:
      '@types/react': 19.2.17

  '@radix-ui/react-use-escape-keydown@1.1.2(@types/react@19.2.17)(react@19.1.0)':
    dependencies:
      '@radix-ui/react-use-callback-ref': 1.1.2(@types/react@19.2.17)(react@19.1.0)
      react: 19.1.0
    optionalDependencies:
      '@types/react': 19.2.17

  '@radix-ui/react-use-layout-effect@1.1.2(@types/react@19.2.17)(react@19.1.0)':
    dependencies:
      react: 19.1.0
    optionalDependencies:
      '@types/react': 19.2.17

  '@radix-ui/react-use-rect@1.1.2(@types/react@19.2.17)(react@19.1.0)':
    dependencies:
      '@radix-ui/rect': 1.1.2
      react: 19.1.0
    optionalDependencies:
      '@types/react': 19.2.17

  '@radix-ui/react-use-size@1.1.2(@types/react@19.2.17)(react@19.1.0)':
    dependencies:
      '@radix-ui/react-use-layout-effect': 1.1.2(@types/react@19.2.17)(react@19.1.0)
      react: 19.1.0
    optionalDependencies:
      '@types/react': 19.2.17

  '@radix-ui/rect@1.1.2': {}

  '@swc/helpers@0.5.15':
    dependencies:
      tslib: 2.8.1

  '@types/node@22.20.0':
    dependencies:
      undici-types: 6.21.0

  '@types/react-dom@19.2.3(@types/react@19.2.17)':
    dependencies:
      '@types/react': 19.2.17

  '@types/react@19.2.17':
    dependencies:
      csstype: 3.2.3

  aria-hidden@1.2.6:
    dependencies:
      tslib: 2.8.1

  caniuse-lite@1.0.30001799: {}

  client-only@0.0.1: {}

  csstype@3.2.3: {}

  detect-libc@2.1.2:
    optional: true

  detect-node-es@1.1.0: {}

  get-nonce@1.0.1: {}

  lucide-react@0.468.0(react@19.1.0):
    dependencies:
      react: 19.1.0

  nanoid@3.3.14: {}

  next@15.5.19(react-dom@19.1.0(react@19.1.0))(react@19.1.0):
    dependencies:
      '@next/env': 15.5.19
      '@swc/helpers': 0.5.15
      caniuse-lite: 1.0.30001799
      postcss: 8.4.31
      react: 19.1.0
      react-dom: 19.1.0(react@19.1.0)
      styled-jsx: 5.1.6(react@19.1.0)
    optionalDependencies:
      '@next/swc-darwin-arm64': 15.5.19
      '@next/swc-darwin-x64': 15.5.19
      '@next/swc-linux-arm64-gnu': 15.5.19
      '@next/swc-linux-arm64-musl': 15.5.19
      '@next/swc-linux-x64-gnu': 15.5.19
      '@next/swc-linux-x64-musl': 15.5.19
      '@next/swc-win32-arm64-msvc': 15.5.19
      '@next/swc-win32-x64-msvc': 15.5.19
      sharp: 0.34.5
    transitivePeerDependencies:
      - '@babel/core'
      - babel-plugin-macros

  picocolors@1.1.1: {}

  postcss@8.4.31:
    dependencies:
      nanoid: 3.3.14
      picocolors: 1.1.1
      source-map-js: 1.2.1

  react-dom@19.1.0(react@19.1.0):
    dependencies:
      react: 19.1.0
      scheduler: 0.26.0

  react-remove-scroll-bar@2.3.8(@types/react@19.2.17)(react@19.1.0):
    dependencies:
      react: 19.1.0
      react-style-singleton: 2.2.3(@types/react@19.2.17)(react@19.1.0)
      tslib: 2.8.1
    optionalDependencies:
      '@types/react': 19.2.17

  react-remove-scroll@2.7.2(@types/react@19.2.17)(react@19.1.0):
    dependencies:
      react: 19.1.0
      react-remove-scroll-bar: 2.3.8(@types/react@19.2.17)(react@19.1.0)
      react-style-singleton: 2.2.3(@types/react@19.2.17)(react@19.1.0)
      tslib: 2.8.1
      use-callback-ref: 1.3.3(@types/react@19.2.17)(react@19.1.0)
      use-sidecar: 1.1.3(@types/react@19.2.17)(react@19.1.0)
    optionalDependencies:
      '@types/react': 19.2.17

  react-style-singleton@2.2.3(@types/react@19.2.17)(react@19.1.0):
    dependencies:
      get-nonce: 1.0.1
      react: 19.1.0
      tslib: 2.8.1
    optionalDependencies:
      '@types/react': 19.2.17

  react@19.1.0: {}

  scheduler@0.26.0: {}

  semver@7.8.5:
    optional: true

  sharp@0.34.5:
    dependencies:
      '@img/colour': 1.1.0
      detect-libc: 2.1.2
      semver: 7.8.5
    optionalDependencies:
      '@img/sharp-darwin-arm64': 0.34.5
      '@img/sharp-darwin-x64': 0.34.5
      '@img/sharp-libvips-darwin-arm64': 1.2.4
      '@img/sharp-libvips-darwin-x64': 1.2.4
      '@img/sharp-libvips-linux-arm': 1.2.4
      '@img/sharp-libvips-linux-arm64': 1.2.4
      '@img/sharp-libvips-linux-ppc64': 1.2.4
      '@img/sharp-libvips-linux-riscv64': 1.2.4
      '@img/sharp-libvips-linux-s390x': 1.2.4
      '@img/sharp-libvips-linux-x64': 1.2.4
      '@img/sharp-libvips-linuxmusl-arm64': 1.2.4
      '@img/sharp-libvips-linuxmusl-x64': 1.2.4
      '@img/sharp-linux-arm': 0.34.5
      '@img/sharp-linux-arm64': 0.34.5
      '@img/sharp-linux-ppc64': 0.34.5
      '@img/sharp-linux-riscv64': 0.34.5
      '@img/sharp-linux-s390x': 0.34.5
      '@img/sharp-linux-x64': 0.34.5
      '@img/sharp-linuxmusl-arm64': 0.34.5
      '@img/sharp-linuxmusl-x64': 0.34.5
      '@img/sharp-wasm32': 0.34.5
      '@img/sharp-win32-arm64': 0.34.5
      '@img/sharp-win32-ia32': 0.34.5
      '@img/sharp-win32-x64': 0.34.5
    optional: true

  source-map-js@1.2.1: {}

  styled-jsx@5.1.6(react@19.1.0):
    dependencies:
      client-only: 0.0.1
      react: 19.1.0

  tslib@2.8.1: {}

  typescript@5.9.3: {}

  undici-types@6.21.0: {}

  use-callback-ref@1.3.3(@types/react@19.2.17)(react@19.1.0):
    dependencies:
      react: 19.1.0
      tslib: 2.8.1
    optionalDependencies:
      '@types/react': 19.2.17

  use-sidecar@1.1.3(@types/react@19.2.17)(react@19.1.0):
    dependencies:
      detect-node-es: 1.1.0
      react: 19.1.0
      tslib: 2.8.1
    optionalDependencies:
      '@types/react': 19.2.17
